
Microsoft Visual Studio Solution File, Format Version 12.00
# Visual Studio Version 16
VisualStudioVersion = 16.0.28803.156
MinimumVisualStudioVersion = 10.0.40219.1
Project("{FAE04EC0-301F-11D3-BF4B-00C04F79EFBC}") = "PACBattle", "PACBattle\PACBattle.csproj", "{D4155033-1BDE-486A-9897-9131CD6B7617}"
EndProject
Project("{54435603-DBB4-11D2-8724-00A0C9A8B90C}") = "PACBSetup", "PACBSetup\PACBSetup.vdproj", "{D1968BBA-613A-4BE7-AB79-F2EB0A1F2E65}"
EndProject
Global
	GlobalSection(SolutionConfigurationPlatforms) = preSolution
		Debug|Any CPU = Debug|Any CPU
		Release|Any CPU = Release|Any CPU
	EndGlobalSection
	GlobalSection(ProjectConfigurationPlatforms) = postSolution
		{D4155033-1BDE-486A-9897-9131CD6B7617}.Debug|Any CPU.ActiveCfg = Debug|Any CPU
		{D4155033-1BDE-486A-9897-9131CD6B7617}.Debug|Any CPU.Build.0 = Debug|Any CPU
		{D4155033-1BDE-486A-9897-9131CD6B7617}.Release|Any CPU.ActiveCfg = Release|Any CPU
		{D4155033-1BDE-486A-9897-9131CD6B7617}.Release|Any CPU.Build.0 = Release|Any CPU
		{D1968BBA-613A-4BE7-AB79-F2EB0A1F2E65}.Debug|Any CPU.ActiveCfg = Debug
		{D1968BBA-613A-4BE7-AB79-F2EB0A1F2E65}.Release|Any CPU.ActiveCfg = Release
	EndGlobalSection
	GlobalSection(SolutionProperties) = preSolution
		HideSolutionNode = FALSE
	EndGlobalSection
	GlobalSection(ExtensibilityGlobals) = postSolution
		SolutionGuid = {E6CB6C20-AB98-46FC-9CED-17115A5FD7F5}
	EndGlobalSection
EndGlobal
